// !$*UTF8*$!
{
	archiveVersion = 1;
	classes = {
	};
	objectVersion = 77;
	objects = {

/* Begin PBXBuildFile section */
		2A6031A42D517812001E22A9 /* SwiftSoup in Frameworks */ = {isa = PBXBuildFile; productRef = 2A6031A32D517812001E22A9 /* SwiftSoup */; };
		2A8EA9B62D515B90003DC358 /* MLXLLM in Frameworks */ = {isa = PBXBuildFile; productRef = 2A8EA9B52D515B90003DC358 /* MLXLLM */; };
		2A8EA9B82D515B90003DC358 /* MLXLMCommon in Frameworks */ = {isa = PBXBuildFile; productRef = 2A8EA9B72D515B90003DC358 /* MLXLMCommon */; };
		2A8EA9BA2D515B90003DC358 /* MLXMNIST in Frameworks */ = {isa = PBXBuildFile; productRef = 2A8EA9B92D515B90003DC358 /* MLXMNIST */; };
		2A8EA9BC2D515B90003DC358 /* MLXVLM in Frameworks */ = {isa = PBXBuildFile; productRef = 2A8EA9BB2D515B90003DC358 /* MLXVLM */; };
		2A8EA9BE2D515B90003DC358 /* StableDiffusion in Frameworks */ = {isa = PBXBuildFile; productRef = 2A8EA9BD2D515B90003DC358 /* StableDiffusion */; };
		2A8EA9C12D515B9F003DC358 /* MLX in Frameworks */ = {isa = PBXBuildFile; productRef = 2A8EA9C02D515B9F003DC358 /* MLX */; };
		2A8EA9C32D515B9F003DC358 /* MLXFFT in Frameworks */ = {isa = PBXBuildFile; productRef = 2A8EA9C22D515B9F003DC358 /* MLXFFT */; };
		2A8EA9C52D515B9F003DC358 /* MLXFast in Frameworks */ = {isa = PBXBuildFile; productRef = 2A8EA9C42D515B9F003DC358 /* MLXFast */; };
		2A8EA9C72D515B9F003DC358 /* MLXLinalg in Frameworks */ = {isa = PBXBuildFile; productRef = 2A8EA9C62D515B9F003DC358 /* MLXLinalg */; };
		2A8EA9C92D515B9F003DC358 /* MLXNN in Frameworks */ = {isa = PBXBuildFile; productRef = 2A8EA9C82D515B9F003DC358 /* MLXNN */; };
		2A8EA9CC2D515BAF003DC358 /* MarkdownUI in Frameworks */ = {isa = PBXBuildFile; productRef = 2A8EA9CB2D515BAF003DC358 /* MarkdownUI */; };
/* End PBXBuildFile section */

/* Begin PBXFileReference section */
		2A89B85D2D514ACF00EB12F9 /* Swift Deep Research.app */ = {isa = PBXFileReference; explicitFileType = wrapper.application; includeInIndex = 0; path = "Swift Deep Research.app"; sourceTree = BUILT_PRODUCTS_DIR; };
/* End PBXFileReference section */

/* Begin PBXFileSystemSynchronizedRootGroup section */
		2A89B85F2D514ACF00EB12F9 /* Swift Deep Research */ = {
			isa = PBXFileSystemSynchronizedRootGroup;
			path = "Swift Deep Research";
			sourceTree = "<group>";
		};
/* End PBXFileSystemSynchronizedRootGroup section */

/* Begin PBXFrameworksBuildPhase section */
		2A89B85A2D514ACF00EB12F9 /* Frameworks */ = {
			isa = PBXFrameworksBuildPhase;
			buildActionMask = 2147483647;
			files = (
				2A8EA9C12D515B9F003DC358 /* MLX in Frameworks */,
				2A8EA9BA2D515B90003DC358 /* MLXMNIST in Frameworks */,
				2A8EA9B82D515B90003DC358 /* MLXLMCommon in Frameworks */,
				2A8EA9BC2D515B90003DC358 /* MLXVLM in Frameworks */,
				2A8EA9C32D515B9F003DC358 /* MLXFFT in Frameworks */,
				2A6031A42D517812001E22A9 /* SwiftSoup in Frameworks */,
				2A8EA9B62D515B90003DC358 /* MLXLLM in Frameworks */,
				2A8EA9C52D515B9F003DC358 /* MLXFast in Frameworks */,
				2A8EA9C72D515B9F003DC358 /* MLXLinalg in Frameworks */,
				2A8EA9CC2D515BAF003DC358 /* MarkdownUI in Frameworks */,
				2A8EA9C92D515B9F003DC358 /* MLXNN in Frameworks */,
				2A8EA9BE2D515B90003DC358 /* StableDiffusion in Frameworks */,
			);
			runOnlyForDeploymentPostprocessing = 0;
		};
/* End PBXFrameworksBuildPhase section */

/* Begin PBXGroup section */
		2A89B8542D514ACF00EB12F9 = {
			isa = PBXGroup;
			children = (
				2A89B85F2D514ACF00EB12F9 /* Swift Deep Research */,
				2A89B85E2D514ACF00EB12F9 /* Products */,
			);
			sourceTree = "<group>";
		};
		2A89B85E2D514ACF00EB12F9 /* Products */ = {
			isa = PBXGroup;
			children = (
				2A89B85D2D514ACF00EB12F9 /* Swift Deep Research.app */,
			);
			name = Products;
			sourceTree = "<group>";
		};
/* End PBXGroup section */

/* Begin PBXNativeTarget section */
		2A89B85C2D514ACF00EB12F9 /* Swift Deep Research */ = {
			isa = PBXNativeTarget;
			buildConfigurationList = 2A89B86C2D514AD000EB12F9 /* Build configuration list for PBXNativeTarget "Swift Deep Research" */;
			buildPhases = (
				2A89B8592D514ACF00EB12F9 /* Sources */,
				2A89B85A2D514ACF00EB12F9 /* Frameworks */,
				2A89B85B2D514ACF00EB12F9 /* Resources */,
			);
			buildRules = (
			);
			dependencies = (
			);
			fileSystemSynchronizedGroups = (
				2A89B85F2D514ACF00EB12F9 /* Swift Deep Research */,
			);
			name = "Swift Deep Research";
			packageProductDependencies = (
				2A8EA9B52D515B90003DC358 /* MLXLLM */,
				2A8EA9B72D515B90003DC358 /* MLXLMCommon */,
				2A8EA9B92D515B90003DC358 /* MLXMNIST */,
				2A8EA9BB2D515B90003DC358 /* MLXVLM */,
				2A8EA9BD2D515B90003DC358 /* StableDiffusion */,
				2A8EA9C02D515B9F003DC358 /* MLX */,
				2A8EA9C22D515B9F003DC358 /* MLXFFT */,
				2A8EA9C42D515B9F003DC358 /* MLXFast */,
				2A8EA9C62D515B9F003DC358 /* MLXLinalg */,
				2A8EA9C82D515B9F003DC358 /* MLXNN */,
				2A8EA9CB2D515BAF003DC358 /* MarkdownUI */,
				2A6031A32D517812001E22A9 /* SwiftSoup */,
			);
			productName = "Swift Deep Research";
			productReference = 2A89B85D2D514ACF00EB12F9 /* Swift Deep Research.app */;
			productType = "com.apple.product-type.application";
		};
/* End PBXNativeTarget section */

/* Begin PBXProject section */
		2A89B8552D514ACF00EB12F9 /* Project object */ = {
			isa = PBXProject;
			attributes = {
				BuildIndependentTargetsInParallel = 1;
				LastSwiftUpdateCheck = 1620;
				LastUpgradeCheck = 1620;
				TargetAttributes = {
					2A89B85C2D514ACF00EB12F9 = {
						CreatedOnToolsVersion = 16.2;
					};
				};
			};
			buildConfigurationList = 2A89B8582D514ACF00EB12F9 /* Build configuration list for PBXProject "Swift Deep Research" */;
			developmentRegion = en;
			hasScannedForEncodings = 0;
			knownRegions = (
				en,
				Base,
			);
			mainGroup = 2A89B8542D514ACF00EB12F9;
			minimizedProjectReferenceProxies = 1;
			packageReferences = (
				2A8EA9B42D515B90003DC358 /* XCRemoteSwiftPackageReference "mlx-swift-examples" */,
				2A8EA9BF2D515B9F003DC358 /* XCRemoteSwiftPackageReference "mlx-swift" */,
				2A8EA9CA2D515BAF003DC358 /* XCRemoteSwiftPackageReference "swift-markdown-ui" */,
				2A6031A22D517812001E22A9 /* XCRemoteSwiftPackageReference "SwiftSoup" */,
			);
			preferredProjectObjectVersion = 77;
			productRefGroup = 2A89B85E2D514ACF00EB12F9 /* Products */;
			projectDirPath = "";
			projectRoot = "";
			targets = (
				2A89B85C2D514ACF00EB12F9 /* Swift Deep Research */,
			);
		};
/* End PBXProject section */

/* Begin PBXResourcesBuildPhase section */
		2A89B85B2D514ACF00EB12F9 /* Resources */ = {
			isa = PBXResourcesBuildPhase;
			buildActionMask = 2147483647;
			files = (
			);
			runOnlyForDeploymentPostprocessing = 0;
		};
/* End PBXResourcesBuildPhase section */

/* Begin PBXSourcesBuildPhase section */
		2A89B8592D514ACF00EB12F9 /* Sources */ = {
			isa = PBXSourcesBuildPhase;
			buildActionMask = 2147483647;
			files = (
			);
			runOnlyForDeploymentPostprocessing = 0;
		};
/* End PBXSourcesBuildPhase section */

/* Begin XCBuildConfiguration section */
		2A89B86A2D514AD000EB12F9 /* Debug */ = {
			isa = XCBuildConfiguration;
			buildSettings = {
				ALWAYS_SEARCH_USER_PATHS = NO;
				ASSETCATALOG_COMPILER_GENERATE_SWIFT_ASSET_SYMBOL_EXTENSIONS = YES;
				CLANG_ANALYZER_NONNULL = YES;
				CLANG_ANALYZER_NUMBER_OBJECT_CONVERSION = YES_AGGRESSIVE;
				CLANG_CXX_LANGUAGE_STANDARD = "gnu++20";
				CLANG_ENABLE_MODULES = YES;
				CLANG_ENABLE_OBJC_ARC = YES;
				CLANG_ENABLE_OBJC_WEAK = YES;
				CLANG_WARN_BLOCK_CAPTURE_AUTORELEASING = YES;
				CLANG_WARN_BOOL_CONVERSION = YES;
				CLANG_WARN_COMMA = YES;
				CLANG_WARN_CONSTANT_CONVERSION = YES;
				CLANG_WARN_DEPRECATED_OBJC_IMPLEMENTATIONS = YES;
				CLANG_WARN_DIRECT_OBJC_ISA_USAGE = YES_ERROR;
				CLANG_WARN_DOCUMENTATION_COMMENTS = YES;
				CLANG_WARN_EMPTY_BODY = YES;
				CLANG_WARN_ENUM_CONVERSION = YES;
				CLANG_WARN_INFINITE_RECURSION = YES;
				CLANG_WARN_INT_CONVERSION = YES;
				CLANG_WARN_NON_LITERAL_NULL_CONVERSION = YES;
				CLANG_WARN_OBJC_IMPLICIT_RETAIN_SELF = YES;
				CLANG_WARN_OBJC_LITERAL_CONVERSION = YES;
				CLANG_WARN_OBJC_ROOT_CLASS = YES_ERROR;
				CLANG_WARN_QUOTED_INCLUDE_IN_FRAMEWORK_HEADER = YES;
				CLANG_WARN_RANGE_LOOP_ANALYSIS = YES;
				CLANG_WARN_STRICT_PROTOTYPES = YES;
				CLANG_WARN_SUSPICIOUS_MOVE = YES;
				CLANG_WARN_UNGUARDED_AVAILABILITY = YES_AGGRESSIVE;
				CLANG_WARN_UNREACHABLE_CODE = YES;
				CLANG_WARN__DUPLICATE_METHOD_MATCH = YES;
				COPY_PHASE_STRIP = NO;
				DEBUG_INFORMATION_FORMAT = dwarf;
				ENABLE_STRICT_OBJC_MSGSEND = YES;
				ENABLE_TESTABILITY = YES;
				ENABLE_USER_SCRIPT_SANDBOXING = YES;
				GCC_C_LANGUAGE_STANDARD = gnu17;
				GCC_DYNAMIC_NO_PIC = NO;
				GCC_NO_COMMON_BLOCKS = YES;
				GCC_OPTIMIZATION_LEVEL = 0;
				GCC_PREPROCESSOR_DEFINITIONS = (
					"DEBUG=1",
					"$(inherited)",
				);
				GCC_WARN_64_TO_32_BIT_CONVERSION = YES;
				GCC_WARN_ABOUT_RETURN_TYPE = YES_ERROR;
				GCC_WARN_UNDECLARED_SELECTOR = YES;
				GCC_WARN_UNINITIALIZED_AUTOS = YES_AGGRESSIVE;
				GCC_WARN_UNUSED_FUNCTION = YES;
				GCC_WARN_UNUSED_VARIABLE = YES;
				LOCALIZATION_PREFERS_STRING_CATALOGS = YES;
				MACOSX_DEPLOYMENT_TARGET = 15.2;
				MTL_ENABLE_DEBUG_INFO = INCLUDE_SOURCE;
				MTL_FAST_MATH = YES;
				ONLY_ACTIVE_ARCH = YES;
				SDKROOT = macosx;
				SWIFT_ACTIVE_COMPILATION_CONDITIONS = "DEBUG $(inherited)";
				SWIFT_OPTIMIZATION_LEVEL = "-Onone";
			};
			name = Debug;
		};
		2A89B86B2D514AD000EB12F9 /* Release */ = {
			isa = XCBuildConfiguration;
			buildSettings = {
				ALWAYS_SEARCH_USER_PATHS = NO;
				ASSETCATALOG_COMPILER_GENERATE_SWIFT_ASSET_SYMBOL_EXTENSIONS = YES;
				CLANG_ANALYZER_NONNULL = YES;
				CLANG_ANALYZER_NUMBER_OBJECT_CONVERSION = YES_AGGRESSIVE;
				CLANG_CXX_LANGUAGE_STANDARD = "gnu++20";
				CLANG_ENABLE_MODULES = YES;
				CLANG_ENABLE_OBJC_ARC = YES;
				CLANG_ENABLE_OBJC_WEAK = YES;
				CLANG_WARN_BLOCK_CAPTURE_AUTORELEASING = YES;
				CLANG_WARN_BOOL_CONVERSION = YES;
				CLANG_WARN_COMMA = YES;
				CLANG_WARN_CONSTANT_CONVERSION = YES;
				CLANG_WARN_DEPRECATED_OBJC_IMPLEMENTATIONS = YES;
				CLANG_WARN_DIRECT_OBJC_ISA_USAGE = YES_ERROR;
				CLANG_WARN_DOCUMENTATION_COMMENTS = YES;
				CLANG_WARN_EMPTY_BODY = YES;
				CLANG_WARN_ENUM_CONVERSION = YES;
				CLANG_WARN_INFINITE_RECURSION = YES;
				CLANG_WARN_INT_CONVERSION = YES;
				CLANG_WARN_NON_LITERAL_NULL_CONVERSION = YES;
				CLANG_WARN_OBJC_IMPLICIT_RETAIN_SELF = YES;
				CLANG_WARN_OBJC_LITERAL_CONVERSION = YES;
				CLANG_WARN_OBJC_ROOT_CLASS = YES_ERROR;
				CLANG_WARN_QUOTED_INCLUDE_IN_FRAMEWORK_HEADER = YES;
				CLANG_WARN_RANGE_LOOP_ANALYSIS = YES;
				CLANG_WARN_STRICT_PROTOTYPES = YES;
				CLANG_WARN_SUSPICIOUS_MOVE = YES;
				CLANG_WARN_UNGUARDED_AVAILABILITY = YES_AGGRESSIVE;
				CLANG_WARN_UNREACHABLE_CODE = YES;
				CLANG_WARN__DUPLICATE_METHOD_MATCH = YES;
				COPY_PHASE_STRIP = NO;
				DEBUG_INFORMATION_FORMAT = "dwarf-with-dsym";
				ENABLE_NS_ASSERTIONS = NO;
				ENABLE_STRICT_OBJC_MSGSEND = YES;
				ENABLE_USER_SCRIPT_SANDBOXING = YES;
				GCC_C_LANGUAGE_STANDARD = gnu17;
				GCC_NO_COMMON_BLOCKS = YES;
				GCC_WARN_64_TO_32_BIT_CONVERSION = YES;
				GCC_WARN_ABOUT_RETURN_TYPE = YES_ERROR;
				GCC_WARN_UNDECLARED_SELECTOR = YES;
				GCC_WARN_UNINITIALIZED_AUTOS = YES_AGGRESSIVE;
				GCC_WARN_UNUSED_FUNCTION = YES;
				GCC_WARN_UNUSED_VARIABLE = YES;
				LOCALIZATION_PREFERS_STRING_CATALOGS = YES;
				MACOSX_DEPLOYMENT_TARGET = 15.2;
				MTL_ENABLE_DEBUG_INFO = NO;
				MTL_FAST_MATH = YES;
				SDKROOT = macosx;
				SWIFT_COMPILATION_MODE = wholemodule;
			};
			name = Release;
		};
		2A89B86D2D514AD000EB12F9 /* Debug */ = {
			isa = XCBuildConfiguration;
			buildSettings = {
				ASSETCATALOG_COMPILER_APPICON_NAME = AppIcon;
				ASSETCATALOG_COMPILER_GLOBAL_ACCENT_COLOR_NAME = AccentColor;
				CODE_SIGN_ENTITLEMENTS = "Swift Deep Research/Swift_Deep_Research.entitlements";
				CODE_SIGN_STYLE = Automatic;
				COMBINE_HIDPI_IMAGES = YES;
				CURRENT_PROJECT_VERSION = 1;
				DEVELOPMENT_ASSET_PATHS = "\"Swift Deep Research/Preview Content\"";
				DEVELOPMENT_TEAM = MK2V998W66;
				ENABLE_HARDENED_RUNTIME = YES;
				ENABLE_PREVIEWS = YES;
				GENERATE_INFOPLIST_FILE = YES;
				INFOPLIST_KEY_CFBundleDisplayName = "Swift Deep Research";
				INFOPLIST_KEY_NSHumanReadableCopyright = "";
				LD_RUNPATH_SEARCH_PATHS = (
					"$(inherited)",
					"@executable_path/../Frameworks",
				);
				MARKETING_VERSION = 1.0;
				PRODUCT_BUNDLE_IDENTIFIER = "com.aryamirsepasi.Swift-Deep-Research";
				PRODUCT_NAME = "$(TARGET_NAME)";
				SWIFT_EMIT_LOC_STRINGS = YES;
				SWIFT_VERSION = 5.0;
			};
			name = Debug;
		};
		2A89B86E2D514AD000EB12F9 /* Release */ = {
			isa = XCBuildConfiguration;
			buildSettings = {
				ASSETCATALOG_COMPILER_APPICON_NAME = AppIcon;
				ASSETCATALOG_COMPILER_GLOBAL_ACCENT_COLOR_NAME = AccentColor;
				CODE_SIGN_ENTITLEMENTS = "Swift Deep Research/Swift_Deep_Research.entitlements";
				CODE_SIGN_STYLE = Automatic;
				COMBINE_HIDPI_IMAGES = YES;
				CURRENT_PROJECT_VERSION = 1;
				DEVELOPMENT_ASSET_PATHS = "\"Swift Deep Research/Preview Content\"";
				DEVELOPMENT_TEAM = MK2V998W66;
				ENABLE_HARDENED_RUNTIME = YES;
				ENABLE_PREVIEWS = YES;
				GENERATE_INFOPLIST_FILE = YES;
				INFOPLIST_KEY_CFBundleDisplayName = "Swift Deep Research";
				INFOPLIST_KEY_NSHumanReadableCopyright = "";
				LD_RUNPATH_SEARCH_PATHS = (
					"$(inherited)",
					"@executable_path/../Frameworks",
				);
				MARKETING_VERSION = 1.0;
				PRODUCT_BUNDLE_IDENTIFIER = "com.aryamirsepasi.Swift-Deep-Research";
				PRODUCT_NAME = "$(TARGET_NAME)";
				SWIFT_EMIT_LOC_STRINGS = YES;
				SWIFT_VERSION = 5.0;
			};
			name = Release;
		};
/* End XCBuildConfiguration section */

/* Begin XCConfigurationList section */
		2A89B8582D514ACF00EB12F9 /* Build configuration list for PBXProject "Swift Deep Research" */ = {
			isa = XCConfigurationList;
			buildConfigurations = (
				2A89B86A2D514AD000EB12F9 /* Debug */,
				2A89B86B2D514AD000EB12F9 /* Release */,
			);
			defaultConfigurationIsVisible = 0;
			defaultConfigurationName = Release;
		};
		2A89B86C2D514AD000EB12F9 /* Build configuration list for PBXNativeTarget "Swift Deep Research" */ = {
			isa = XCConfigurationList;
			buildConfigurations = (
				2A89B86D2D514AD000EB12F9 /* Debug */,
				2A89B86E2D514AD000EB12F9 /* Release */,
			);
			defaultConfigurationIsVisible = 0;
			defaultConfigurationName = Release;
		};
/* End XCConfigurationList section */

/* Begin XCRemoteSwiftPackageReference section */
		2A6031A22D517812001E22A9 /* XCRemoteSwiftPackageReference "SwiftSoup" */ = {
			isa = XCRemoteSwiftPackageReference;
			repositoryURL = "https://github.com/scinfu/SwiftSoup.git";
			requirement = {
				kind = upToNextMajorVersion;
				minimumVersion = 2.7.7;
			};
		};
		2A8EA9B42D515B90003DC358 /* XCRemoteSwiftPackageReference "mlx-swift-examples" */ = {
			isa = XCRemoteSwiftPackageReference;
			repositoryURL = "https://github.com/ml-explore/mlx-swift-examples/";
			requirement = {
				kind = upToNextMajorVersion;
				minimumVersion = 2.21.2;
			};
		};
		2A8EA9BF2D515B9F003DC358 /* XCRemoteSwiftPackageReference "mlx-swift" */ = {
			isa = XCRemoteSwiftPackageReference;
			repositoryURL = "https://github.com/ml-explore/mlx-swift";
			requirement = {
				kind = upToNextMajorVersion;
				minimumVersion = 0.21.2;
			};
		};
		2A8EA9CA2D515BAF003DC358 /* XCRemoteSwiftPackageReference "swift-markdown-ui" */ = {
			isa = XCRemoteSwiftPackageReference;
			repositoryURL = "https://github.com/gonzalezreal/swift-markdown-ui";
			requirement = {
				kind = upToNextMajorVersion;
				minimumVersion = 2.4.1;
			};
		};
/* End XCRemoteSwiftPackageReference section */

/* Begin XCSwiftPackageProductDependency section */
		2A6031A32D517812001E22A9 /* SwiftSoup */ = {
			isa = XCSwiftPackageProductDependency;
			package = 2A6031A22D517812001E22A9 /* XCRemoteSwiftPackageReference "SwiftSoup" */;
			productName = SwiftSoup;
		};
		2A8EA9B52D515B90003DC358 /* MLXLLM */ = {
			isa = XCSwiftPackageProductDependency;
			package = 2A8EA9B42D515B90003DC358 /* XCRemoteSwiftPackageReference "mlx-swift-examples" */;
			productName = MLXLLM;
		};
		2A8EA9B72D515B90003DC358 /* MLXLMCommon */ = {
			isa = XCSwiftPackageProductDependency;
			package = 2A8EA9B42D515B90003DC358 /* XCRemoteSwiftPackageReference "mlx-swift-examples" */;
			productName = MLXLMCommon;
		};
		2A8EA9B92D515B90003DC358 /* MLXMNIST */ = {
			isa = XCSwiftPackageProductDependency;
			package = 2A8EA9B42D515B90003DC358 /* XCRemoteSwiftPackageReference "mlx-swift-examples" */;
			productName = MLXMNIST;
		};
		2A8EA9BB2D515B90003DC358 /* MLXVLM */ = {
			isa = XCSwiftPackageProductDependency;
			package = 2A8EA9B42D515B90003DC358 /* XCRemoteSwiftPackageReference "mlx-swift-examples" */;
			productName = MLXVLM;
		};
		2A8EA9BD2D515B90003DC358 /* StableDiffusion */ = {
			isa = XCSwiftPackageProductDependency;
			package = 2A8EA9B42D515B90003DC358 /* XCRemoteSwiftPackageReference "mlx-swift-examples" */;
			productName = StableDiffusion;
		};
		2A8EA9C02D515B9F003DC358 /* MLX */ = {
			isa = XCSwiftPackageProductDependency;
			package = 2A8EA9BF2D515B9F003DC358 /* XCRemoteSwiftPackageReference "mlx-swift" */;
			productName = MLX;
		};
		2A8EA9C22D515B9F003DC358 /* MLXFFT */ = {
			isa = XCSwiftPackageProductDependency;
			package = 2A8EA9BF2D515B9F003DC358 /* XCRemoteSwiftPackageReference "mlx-swift" */;
			productName = MLXFFT;
		};
		2A8EA9C42D515B9F003DC358 /* MLXFast */ = {
			isa = XCSwiftPackageProductDependency;
			package = 2A8EA9BF2D515B9F003DC358 /* XCRemoteSwiftPackageReference "mlx-swift" */;
			productName = MLXFast;
		};
		2A8EA9C62D515B9F003DC358 /* MLXLinalg */ = {
			isa = XCSwiftPackageProductDependency;
			package = 2A8EA9BF2D515B9F003DC358 /* XCRemoteSwiftPackageReference "mlx-swift" */;
			productName = MLXLinalg;
		};
		2A8EA9C82D515B9F003DC358 /* MLXNN */ = {
			isa = XCSwiftPackageProductDependency;
			package = 2A8EA9BF2D515B9F003DC358 /* XCRemoteSwiftPackageReference "mlx-swift" */;
			productName = MLXNN;
		};
		2A8EA9CB2D515BAF003DC358 /* MarkdownUI */ = {
			isa = XCSwiftPackageProductDependency;
			package = 2A8EA9CA2D515BAF003DC358 /* XCRemoteSwiftPackageReference "swift-markdown-ui" */;
			productName = MarkdownUI;
		};
/* End XCSwiftPackageProductDependency section */
	};
	rootObject = 2A89B8552D514ACF00EB12F9 /* Project object */;
}
